<?xml version="1.0" encoding="utf-8"?>
<Project ToolsVersion="4.0" xmlns="http://schemas.microsoft.com/developer/msbuild/2003">
  <ItemGroup>
    <Filter Include="Source Files">
      <UniqueIdentifier>{4FC737F1-C7A5-4376-A066-2A32D752A2FF}</UniqueIdentifier>
      <Extensions>cpp;c;cc;cxx;c++;cppm;ixx;def;odl;idl;hpj;bat;asm;asmx</Extensions>
    </Filter>
    <Filter Include="Header Files">
      <UniqueIdentifier>{93995380-89BD-4b04-88EB-625FBE52EBFB}</UniqueIdentifier>
      <Extensions>h;hh;hpp;hxx;h++;hm;inl;inc;ipp;xsd</Extensions>
    </Filter>
    <Filter Include="Resource Files">
      <UniqueIdentifier>{67DA6AB6-F800-4c08-8B7A-83BB121AAD01}</UniqueIdentifier>
      <Extensions>rc;ico;cur;bmp;dlg;rc2;rct;bin;rgs;gif;jpg;jpeg;jpe;resx;tiff;tif;png;wav;mfcribbon-ms</Extensions>
    </Filter>
    <Filter Include="Resource Files\Shaders">
      <UniqueIdentifier>{09563045-fee2-4087-bbd1-0d91ba4f8e53}</UniqueIdentifier>
    </Filter>
    <Filter Include="Source Files\imGUI">
      <UniqueIdentifier>{dece8b48-a6be-4850-80c2-ba1b3d1d0f8e}</UniqueIdentifier>
    </Filter>
    <Filter Include="Resource Files\Shaders\WaveParticle">
      <UniqueIdentifier>{a00a2911-84d2-4c5b-9c50-cabe16b78312}</UniqueIdentifier>
    </Filter>
    <Filter Include="Resource Files\Shaders\Blur">
      <UniqueIdentifier>{b315ea93-d5f5-403b-8774-ae77b6010781}</UniqueIdentifier>
    </Filter>
    <Filter Include="Resource Files\Shaders\Wave">
      <UniqueIdentifier>{ecc97c17-f296-423f-9476-ff6c30d113c7}</UniqueIdentifier>
    </Filter>
    <Filter Include="Resource Files\Shaders\IBL">
      <UniqueIdentifier>{8230c101-1230-4b67-af49-8e23bf8fd3bb}</UniqueIdentifier>
    </Filter>
    <Filter Include="Resource Files\Shaders\ObstacleBlur">
      <UniqueIdentifier>{0c857d86-2730-4967-b51b-f71ac941719f}</UniqueIdentifier>
    </Filter>
    <Filter Include="Resource Files\Shaders\ObstacleCreation">
      <UniqueIdentifier>{a7af4024-2bb5-4e78-9ef7-f7f229364d23}</UniqueIdentifier>
    </Filter>
    <Filter Include="Resource Files\Shaders\RenderObstacles">
      <UniqueIdentifier>{dcdbb735-3ad0-4abe-a6b3-8c652ed9b6da}</UniqueIdentifier>
    </Filter>
  </ItemGroup>
  <ItemGroup>
    <ClCompile Include="src\main.cpp">
      <Filter>Source Files</Filter>
    </ClCompile>
    <ClCompile Include="src\Camera.cpp">
      <Filter>Source Files</Filter>
    </ClCompile>
    <ClCompile Include="src\Shader.cpp">
      <Filter>Source Files</Filter>
    </ClCompile>
    <ClCompile Include="src\imgui\imgui.cpp">
      <Filter>Source Files\imGUI</Filter>
    </ClCompile>
    <ClCompile Include="src\imgui\imgui_demo.cpp">
      <Filter>Source Files\imGUI</Filter>
    </ClCompile>
    <ClCompile Include="src\imgui\imgui_draw.cpp">
      <Filter>Source Files\imGUI</Filter>
    </ClCompile>
    <ClCompile Include="src\imgui\imgui_impl_glfw.cpp">
      <Filter>Source Files\imGUI</Filter>
    </ClCompile>
    <ClCompile Include="src\imgui\imgui_impl_opengl3.cpp">
      <Filter>Source Files\imGUI</Filter>
    </ClCompile>
    <ClCompile Include="src\imgui\imgui_tables.cpp">
      <Filter>Source Files\imGUI</Filter>
    </ClCompile>
    <ClCompile Include="src\imgui\imgui_widgets.cpp">
      <Filter>Source Files\imGUI</Filter>
    </ClCompile>
    <ClCompile Include="src\Mesh.cpp">
      <Filter>Source Files</Filter>
    </ClCompile>
    <ClCompile Include="src\Render.cpp">
      <Filter>Source Files</Filter>
    </ClCompile>
    <ClCompile Include="src\IBL.cpp">
      <Filter>Source Files</Filter>
    </ClCompile>
    <ClCompile Include="src\FluidContainer.cpp">
      <Filter>Source Files</Filter>
    </ClCompile>
  </ItemGroup>
  <ItemGroup>
    <ClInclude Include="src\Camera.h">
      <Filter>Header Files</Filter>
    </ClInclude>
    <ClInclude Include="src\Shader.h">
      <Filter>Header Files</Filter>
    </ClInclude>
    <ClInclude Include="src\imgui\imconfig.h">
      <Filter>Source Files\imGUI</Filter>
    </ClInclude>
    <ClInclude Include="src\imgui\imgui.h">
      <Filter>Source Files\imGUI</Filter>
    </ClInclude>
    <ClInclude Include="src\imgui\imgui_impl_glfw.h">
      <Filter>Source Files\imGUI</Filter>
    </ClInclude>
    <ClInclude Include="src\imgui\imgui_impl_opengl3.h">
      <Filter>Source Files\imGUI</Filter>
    </ClInclude>
    <ClInclude Include="src\imgui\imgui_internal.h">
      <Filter>Source Files\imGUI</Filter>
    </ClInclude>
    <ClInclude Include="src\imgui\imstb_rectpack.h">
      <Filter>Source Files\imGUI</Filter>
    </ClInclude>
    <ClInclude Include="src\imgui\imstb_textedit.h">
      <Filter>Source Files\imGUI</Filter>
    </ClInclude>
    <ClInclude Include="src\imgui\imstb_truetype.h">
      <Filter>Source Files\imGUI</Filter>
    </ClInclude>
    <ClInclude Include="src\Mesh.h">
      <Filter>Header Files</Filter>
    </ClInclude>
    <ClInclude Include="src\Render.h">
      <Filter>Header Files</Filter>
    </ClInclude>
    <ClInclude Include="src\IBL.h">
      <Filter>Header Files</Filter>
    </ClInclude>
    <ClInclude Include="src\FluidContainer.h">
      <Filter>Header Files</Filter>
    </ClInclude>
  </ItemGroup>
  <ItemGroup>
    <None Include="res\Shaders\WaveParticle.vert">
      <Filter>Resource Files\Shaders\WaveParticle</Filter>
    </None>
    <None Include="res\Shaders\WaveParticle.frag">
      <Filter>Resource Files\Shaders\WaveParticle</Filter>
    </None>
    <None Include="res\Shaders\Blur.vert">
      <Filter>Resource Files\Shaders\Blur</Filter>
    </None>
    <None Include="res\Shaders\HorizontalBlur.frag">
      <Filter>Resource Files\Shaders\Blur</Filter>
    </None>
    <None Include="res\Shaders\VerticalBlur.frag">
      <Filter>Resource Files\Shaders\Blur</Filter>
    </None>
    <None Include="res\Shaders\Quad.frag">
      <Filter>Resource Files\Shaders</Filter>
    </None>
    <None Include="res\Shaders\wave.vert">
      <Filter>Resource Files\Shaders\Wave</Filter>
    </None>
    <None Include="res\Shaders\wave.frag">
      <Filter>Resource Files\Shaders\Wave</Filter>
    </None>
    <None Include="res\Shaders\wave.tesc">
      <Filter>Resource Files\Shaders\Wave</Filter>
    </None>
    <None Include="res\Shaders\wave.tese">
      <Filter>Resource Files\Shaders\Wave</Filter>
    </None>
    <None Include="res\Shaders\Skybox.vert">
      <Filter>Resource Files\Shaders\IBL</Filter>
    </None>
    <None Include="res\Shaders\Skybox.frag">
      <Filter>Resource Files\Shaders\IBL</Filter>
    </None>
    <None Include="res\Shaders\GenerateCubemap.vert">
      <Filter>Resource Files\Shaders\IBL</Filter>
    </None>
    <None Include="res\Shaders\GenerateCubemap.frag">
      <Filter>Resource Files\Shaders\IBL</Filter>
    </None>
    <None Include="res\Shaders\CreateObstacle.vert">
      <Filter>Resource Files\Shaders\ObstacleCreation</Filter>
    </None>
    <None Include="res\Shaders\CreateObstacle.frag">
      <Filter>Resource Files\Shaders\ObstacleCreation</Filter>
    </None>
    <None Include="res\Shaders\ObstacleBlur_H.frag">
      <Filter>Resource Files\Shaders\ObstacleBlur</Filter>
    </None>
    <None Include="res\Shaders\ObstacleBlur_V.frag">
      <Filter>Resource Files\Shaders\ObstacleBlur</Filter>
    </None>
    <None Include="res\Shaders\RenderObstacle.tese">
      <Filter>Resource Files\Shaders\RenderObstacles</Filter>
    </None>
    <None Include="res\Shaders\RenderObstacle.frag">
      <Filter>Resource Files\Shaders\RenderObstacles</Filter>
    </None>
  </ItemGroup>
</Project>